// !$*UTF8*$!
{
	archiveVersion = 1;
	classes = {
	};
	objectVersion = 56;
	objects = {

/* Begin PBXBuildFile section */
		B316812B2A4EB7F3007FAF0A /* ForegroundAppView.swift in Sources */ = {isa = PBXBuildFile; fileRef = B316812A2A4EB7F3007FAF0A /* ForegroundAppView.swift */; };
		B32A168B2A4D78290069A796 /* attnprofilerApp.swift in Sources */ = {isa = PBXBuildFile; fileRef = B32A168A2A4D78290069A796 /* attnprofilerApp.swift */; };
		B32A168D2A4D78290069A796 /* ContentView.swift in Sources */ = {isa = PBXBuildFile; fileRef = B32A168C2A4D78290069A796 /* ContentView.swift */; };
		B32A168F2A4D782B0069A796 /* Assets.xcassets in Resources */ = {isa = PBXBuildFile; fileRef = B32A168E2A4D782B0069A796 /* Assets.xcassets */; };
		B32A16922A4D782B0069A796 /* Preview Assets.xcassets in Resources */ = {isa = PBXBuildFile; fileRef = B32A16912A4D782B0069A796 /* Preview Assets.xcassets */; };
		B32A169D2A4D782B0069A796 /* attnprofilerTests.swift in Sources */ = {isa = PBXBuildFile; fileRef = B32A169C2A4D782B0069A796 /* attnprofilerTests.swift */; };
		B32A16A72A4D782B0069A796 /* attnprofilerUITests.swift in Sources */ = {isa = PBXBuildFile; fileRef = B32A16A62A4D782B0069A796 /* attnprofilerUITests.swift */; };
		B32A16A92A4D782B0069A796 /* attnprofilerUITestsLaunchTests.swift in Sources */ = {isa = PBXBuildFile; fileRef = B32A16A82A4D782B0069A796 /* attnprofilerUITestsLaunchTests.swift */; };
/* End PBXBuildFile section */

/* Begin PBXContainerItemProxy section */
		B32A16992A4D782B0069A796 /* PBXContainerItemProxy */ = {
			isa = PBXContainerItemProxy;
			containerPortal = B32A167F2A4D78290069A796 /* Project object */;
			proxyType = 1;
			remoteGlobalIDString = B32A16862A4D78290069A796;
			remoteInfo = attnprofiler;
		};
		B32A16A32A4D782B0069A796 /* PBXContainerItemProxy */ = {
			isa = PBXContainerItemProxy;
			containerPortal = B32A167F2A4D78290069A796 /* Project object */;
			proxyType = 1;
			remoteGlobalIDString = B32A16862A4D78290069A796;
			remoteInfo = attnprofiler;
		};
/* End PBXContainerItemProxy section */

/* Begin PBXFileReference section */
		B316812A2A4EB7F3007FAF0A /* ForegroundAppView.swift */ = {isa = PBXFileReference; lastKnownFileType = sourcecode.swift; path = ForegroundAppView.swift; sourceTree = "<group>"; };
		B32A16872A4D78290069A796 /* attnprofiler.app */ = {isa = PBXFileReference; explicitFileType = wrapper.application; includeInIndex = 0; path = attnprofiler.app; sourceTree = BUILT_PRODUCTS_DIR; };
		B32A168A2A4D78290069A796 /* attnprofilerApp.swift */ = {isa = PBXFileReference; lastKnownFileType = sourcecode.swift; path = attnprofilerApp.swift; sourceTree = "<group>"; };
		B32A168C2A4D78290069A796 /* ContentView.swift */ = {isa = PBXFileReference; lastKnownFileType = sourcecode.swift; path = ContentView.swift; sourceTree = "<group>"; };
		B32A168E2A4D782B0069A796 /* Assets.xcassets */ = {isa = PBXFileReference; lastKnownFileType = folder.assetcatalog; path = Assets.xcassets; sourceTree = "<group>"; };
		B32A16912A4D782B0069A796 /* Preview Assets.xcassets */ = {isa = PBXFileReference; lastKnownFileType = folder.assetcatalog; path = "Preview Assets.xcassets"; sourceTree = "<group>"; };
		B32A16932A4D782B0069A796 /* attnprofiler.entitlements */ = {isa = PBXFileReference; lastKnownFileType = text.plist.entitlements; path = attnprofiler.entitlements; sourceTree = "<group>"; };
		B32A16982A4D782B0069A796 /* attnprofilerTests.xctest */ = {isa = PBXFileReference; explicitFileType = wrapper.cfbundle; includeInIndex = 0; path = attnprofilerTests.xctest; sourceTree = BUILT_PRODUCTS_DIR; };
		B32A169C2A4D782B0069A796 /* attnprofilerTests.swift */ = {isa = PBXFileReference; lastKnownFileType = sourcecode.swift; path = attnprofilerTests.swift; sourceTree = "<group>"; };
		B32A16A22A4D782B0069A796 /* attnprofilerUITests.xctest */ = {isa = PBXFileReference; explicitFileType = wrapper.cfbundle; includeInIndex = 0; path = attnprofilerUITests.xctest; sourceTree = BUILT_PRODUCTS_DIR; };
		B32A16A62A4D782B0069A796 /* attnprofilerUITests.swift */ = {isa = PBXFileReference; lastKnownFileType = sourcecode.swift; path = attnprofilerUITests.swift; sourceTree = "<group>"; };
		B32A16A82A4D782B0069A796 /* attnprofilerUITestsLaunchTests.swift */ = {isa = PBXFileReference; lastKnownFileType = sourcecode.swift; path = attnprofilerUITestsLaunchTests.swift; sourceTree = "<group>"; };
/* End PBXFileReference section */

/* Begin PBXFrameworksBuildPhase section */
		B32A16842A4D78290069A796 /* Frameworks */ = {
			isa = PBXFrameworksBuildPhase;
			buildActionMask = 2147483647;
			files = (
			);
			runOnlyForDeploymentPostprocessing = 0;
		};
		B32A16952A4D782B0069A796 /* Frameworks */ = {
			isa = PBXFrameworksBuildPhase;
			buildActionMask = 2147483647;
			files = (
			);
			runOnlyForDeploymentPostprocessing = 0;
		};
		B32A169F2A4D782B0069A796 /* Frameworks */ = {
			isa = PBXFrameworksBuildPhase;
			buildActionMask = 2147483647;
			files = (
			);
			runOnlyForDeploymentPostprocessing = 0;
		};
/* End PBXFrameworksBuildPhase section */

/* Begin PBXGroup section */
		B32A167E2A4D78290069A796 = {
			isa = PBXGroup;
			children = (
				B32A16892A4D78290069A796 /* attnprofiler */,
				B32A169B2A4D782B0069A796 /* attnprofilerTests */,
				B32A16A52A4D782B0069A796 /* attnprofilerUITests */,
				B32A16882A4D78290069A796 /* Products */,
			);
			sourceTree = "<group>";
		};
		B32A16882A4D78290069A796 /* Products */ = {
			isa = PBXGroup;
			children = (
				B32A16872A4D78290069A796 /* attnprofiler.app */,
				B32A16982A4D782B0069A796 /* attnprofilerTests.xctest */,
				B32A16A22A4D782B0069A796 /* attnprofilerUITests.xctest */,
			);
			name = Products;
			sourceTree = "<group>";
		};
		B32A16892A4D78290069A796 /* attnprofiler */ = {
			isa = PBXGroup;
			children = (
				B32A168A2A4D78290069A796 /* attnprofilerApp.swift */,
				B32A168C2A4D78290069A796 /* ContentView.swift */,
				B316812A2A4EB7F3007FAF0A /* ForegroundAppView.swift */,
				B32A168E2A4D782B0069A796 /* Assets.xcassets */,
				B32A16932A4D782B0069A796 /* attnprofiler.entitlements */,
				B32A16902A4D782B0069A796 /* Preview Content */,
			);
			path = attnprofiler;
			sourceTree = "<group>";
		};
		B32A16902A4D782B0069A796 /* Preview Content */ = {
			isa = PBXGroup;
			children = (
				B32A16912A4D782B0069A796 /* Preview Assets.xcassets */,
			);
			path = "Preview Content";
			sourceTree = "<group>";
		};
		B32A169B2A4D782B0069A796 /* attnprofilerTests */ = {
			isa = PBXGroup;
			children = (
				B32A169C2A4D782B0069A796 /* attnprofilerTests.swift */,
			);
			path = attnprofilerTests;
			sourceTree = "<group>";
		};
		B32A16A52A4D782B0069A796 /* attnprofilerUITests */ = {
			isa = PBXGroup;
			children = (
				B32A16A62A4D782B0069A796 /* attnprofilerUITests.swift */,
				B32A16A82A4D782B0069A796 /* attnprofilerUITestsLaunchTests.swift */,
			);
			path = attnprofilerUITests;
			sourceTree = "<group>";
		};
/* End PBXGroup section */

/* Begin PBXNativeTarget section */
		B32A16862A4D78290069A796 /* attnprofiler */ = {
			isa = PBXNativeTarget;
			buildConfigurationList = B32A16AC2A4D782B0069A796 /* Build configuration list for PBXNativeTarget "attnprofiler" */;
			buildPhases = (
				B32A16832A4D78290069A796 /* Sources */,
				B32A16842A4D78290069A796 /* Frameworks */,
				B32A16852A4D78290069A796 /* Resources */,
			);
			buildRules = (
			);
			dependencies = (
			);
			name = attnprofiler;
			productName = attnprofiler;
			productReference = B32A16872A4D78290069A796 /* attnprofiler.app */;
			productType = "com.apple.product-type.application";
		};
		B32A16972A4D782B0069A796 /* attnprofilerTests */ = {
			isa = PBXNativeTarget;
			buildConfigurationList = B32A16AF2A4D782B0069A796 /* Build configuration list for PBXNativeTarget "attnprofilerTests" */;
			buildPhases = (
				B32A16942A4D782B0069A796 /* Sources */,
				B32A16952A4D782B0069A796 /* Frameworks */,
				B32A16962A4D782B0069A796 /* Resources */,
			);
			buildRules = (
			);
			dependencies = (
				B32A169A2A4D782B0069A796 /* PBXTargetDependency */,
			);
			name = attnprofilerTests;
			productName = attnprofilerTests;
			productReference = B32A16982A4D782B0069A796 /* attnprofilerTests.xctest */;
			productType = "com.apple.product-type.bundle.unit-test";
		};
		B32A16A12A4D782B0069A796 /* attnprofilerUITests */ = {
			isa = PBXNativeTarget;
			buildConfigurationList = B32A16B22A4D782B0069A796 /* Build configuration list for PBXNativeTarget "attnprofilerUITests" */;
			buildPhases = (
				B32A169E2A4D782B0069A796 /* Sources */,
				B32A169F2A4D782B0069A796 /* Frameworks */,
				B32A16A02A4D782B0069A796 /* Resources */,
			);
			buildRules = (
			);
			dependencies = (
				B32A16A42A4D782B0069A796 /* PBXTargetDependency */,
			);
			name = attnprofilerUITests;
			productName = attnprofilerUITests;
			productReference = B32A16A22A4D782B0069A796 /* attnprofilerUITests.xctest */;
			productType = "com.apple.product-type.bundle.ui-testing";
		};
/* End PBXNativeTarget section */

/* Begin PBXProject section */
		B32A167F2A4D78290069A796 /* Project object */ = {
			isa = PBXProject;
			attributes = {
				BuildIndependentTargetsInParallel = 1;
				LastSwiftUpdateCheck = 1430;
				LastUpgradeCheck = 1430;
				TargetAttributes = {
					B32A16862A4D78290069A796 = {
						CreatedOnToolsVersion = 14.3.1;
					};
					B32A16972A4D782B0069A796 = {
						CreatedOnToolsVersion = 14.3.1;
						TestTargetID = B32A16862A4D78290069A796;
					};
					B32A16A12A4D782B0069A796 = {
						CreatedOnToolsVersion = 14.3.1;
						TestTargetID = B32A16862A4D78290069A796;
					};
				};
			};
			buildConfigurationList = B32A16822A4D78290069A796 /* Build configuration list for PBXProject "attnprofiler" */;
			compatibilityVersion = "Xcode 14.0";
			developmentRegion = en;
			hasScannedForEncodings = 0;
			knownRegions = (
				en,
				Base,
			);
			mainGroup = B32A167E2A4D78290069A796;
			productRefGroup = B32A16882A4D78290069A796 /* Products */;
			projectDirPath = "";
			projectRoot = "";
			targets = (
				B32A16862A4D78290069A796 /* attnprofiler */,
				B32A16972A4D782B0069A796 /* attnprofilerTests */,
				B32A16A12A4D782B0069A796 /* attnprofilerUITests */,
			);
		};
/* End PBXProject section */

/* Begin PBXResourcesBuildPhase section */
		B32A16852A4D78290069A796 /* Resources */ = {
			isa = PBXResourcesBuildPhase;
			buildActionMask = 2147483647;
			files = (
				B32A16922A4D782B0069A796 /* Preview Assets.xcassets in Resources */,
				B32A168F2A4D782B0069A796 /* Assets.xcassets in Resources */,
			);
			runOnlyForDeploymentPostprocessing = 0;
		};
		B32A16962A4D782B0069A796 /* Resources */ = {
			isa = PBXResourcesBuildPhase;
			buildActionMask = 2147483647;
			files = (
			);
			runOnlyForDeploymentPostprocessing = 0;
		};
		B32A16A02A4D782B0069A796 /* Resources */ = {
			isa = PBXResourcesBuildPhase;
			buildActionMask = 2147483647;
			files = (
			);
			runOnlyForDeploymentPostprocessing = 0;
		};
/* End PBXResourcesBuildPhase section */

/* Begin PBXSourcesBuildPhase section */
		B32A16832A4D78290069A796 /* Sources */ = {
			isa = PBXSourcesBuildPhase;
			buildActionMask = 2147483647;
			files = (
				B32A168D2A4D78290069A796 /* ContentView.swift in Sources */,
				B32A168B2A4D78290069A796 /* attnprofilerApp.swift in Sources */,
				B316812B2A4EB7F3007FAF0A /* ForegroundAppView.swift in Sources */,
			);
			runOnlyForDeploymentPostprocessing = 0;
		};
		B32A16942A4D782B0069A796 /* Sources */ = {
			isa = PBXSourcesBuildPhase;
			buildActionMask = 2147483647;
			files = (
				B32A169D2A4D782B0069A796 /* attnprofilerTests.swift in Sources */,
			);
			runOnlyForDeploymentPostprocessing = 0;
		};
		B32A169E2A4D782B0069A796 /* Sources */ = {
			isa = PBXSourcesBuildPhase;
			buildActionMask = 2147483647;
			files = (
				B32A16A92A4D782B0069A796 /* attnprofilerUITestsLaunchTests.swift in Sources */,
				B32A16A72A4D782B0069A796 /* attnprofilerUITests.swift in Sources */,
			);
			runOnlyForDeploymentPostprocessing = 0;
		};
/* End PBXSourcesBuildPhase section */

/* Begin PBXTargetDependency section */
		B32A169A2A4D782B0069A796 /* PBXTargetDependency */ = {
			isa = PBXTargetDependency;
			target = B32A16862A4D78290069A796 /* attnprofiler */;
			targetProxy = B32A16992A4D782B0069A796 /* PBXContainerItemProxy */;
		};
		B32A16A42A4D782B0069A796 /* PBXTargetDependency */ = {
			isa = PBXTargetDependency;
			target = B32A16862A4D78290069A796 /* attnprofiler */;
			targetProxy = B32A16A32A4D782B0069A796 /* PBXContainerItemProxy */;
		};
/* End PBXTargetDependency section */

/* Begin XCBuildConfiguration section */
		B32A16AA2A4D782B0069A796 /* Debug */ = {
			isa = XCBuildConfiguration;
			buildSettings = {
				ALWAYS_SEARCH_USER_PATHS = NO;
				CLANG_ANALYZER_NONNULL = YES;
				CLANG_ANALYZER_NUMBER_OBJECT_CONVERSION = YES_AGGRESSIVE;
				CLANG_CXX_LANGUAGE_STANDARD = "gnu++20";
				CLANG_ENABLE_MODULES = YES;
				CLANG_ENABLE_OBJC_ARC = YES;
				CLANG_ENABLE_OBJC_WEAK = YES;
				CLANG_WARN_BLOCK_CAPTURE_AUTORELEASING = YES;
				CLANG_WARN_BOOL_CONVERSION = YES;
				CLANG_WARN_COMMA = YES;
				CLANG_WARN_CONSTANT_CONVERSION = YES;
				CLANG_WARN_DEPRECATED_OBJC_IMPLEMENTATIONS = YES;
				CLANG_WARN_DIRECT_OBJC_ISA_USAGE = YES_ERROR;
				CLANG_WARN_DOCUMENTATION_COMMENTS = YES;
				CLANG_WARN_EMPTY_BODY = YES;
				CLANG_WARN_ENUM_CONVERSION = YES;
				CLANG_WARN_INFINITE_RECURSION = YES;
				CLANG_WARN_INT_CONVERSION = YES;
				CLANG_WARN_NON_LITERAL_NULL_CONVERSION = YES;
				CLANG_WARN_OBJC_IMPLICIT_RETAIN_SELF = YES;
				CLANG_WARN_OBJC_LITERAL_CONVERSION = YES;
				CLANG_WARN_OBJC_ROOT_CLASS = YES_ERROR;
				CLANG_WARN_QUOTED_INCLUDE_IN_FRAMEWORK_HEADER = YES;
				CLANG_WARN_RANGE_LOOP_ANALYSIS = YES;
				CLANG_WARN_STRICT_PROTOTYPES = YES;
				CLANG_WARN_SUSPICIOUS_MOVE = YES;
				CLANG_WARN_UNGUARDED_AVAILABILITY = YES_AGGRESSIVE;
				CLANG_WARN_UNREACHABLE_CODE = YES;
				CLANG_WARN__DUPLICATE_METHOD_MATCH = YES;
				COPY_PHASE_STRIP = NO;
				DEBUG_INFORMATION_FORMAT = dwarf;
				ENABLE_STRICT_OBJC_MSGSEND = YES;
				ENABLE_TESTABILITY = YES;
				GCC_C_LANGUAGE_STANDARD = gnu11;
				GCC_DYNAMIC_NO_PIC = NO;
				GCC_NO_COMMON_BLOCKS = YES;
				GCC_OPTIMIZATION_LEVEL = 0;
				GCC_PREPROCESSOR_DEFINITIONS = (
					"DEBUG=1",
					"$(inherited)",
				);
				GCC_WARN_64_TO_32_BIT_CONVERSION = YES;
				GCC_WARN_ABOUT_RETURN_TYPE = YES_ERROR;
				GCC_WARN_UNDECLARED_SELECTOR = YES;
				GCC_WARN_UNINITIALIZED_AUTOS = YES_AGGRESSIVE;
				GCC_WARN_UNUSED_FUNCTION = YES;
				GCC_WARN_UNUSED_VARIABLE = YES;
				MACOSX_DEPLOYMENT_TARGET = 13.3;
				MTL_ENABLE_DEBUG_INFO = INCLUDE_SOURCE;
				MTL_FAST_MATH = YES;
				ONLY_ACTIVE_ARCH = YES;
				SDKROOT = macosx;
				SWIFT_ACTIVE_COMPILATION_CONDITIONS = DEBUG;
				SWIFT_OPTIMIZATION_LEVEL = "-Onone";
			};
			name = Debug;
		};
		B32A16AB2A4D782B0069A796 /* Release */ = {
			isa = XCBuildConfiguration;
			buildSettings = {
				ALWAYS_SEARCH_USER_PATHS = NO;
				CLANG_ANALYZER_NONNULL = YES;
				CLANG_ANALYZER_NUMBER_OBJECT_CONVERSION = YES_AGGRESSIVE;
				CLANG_CXX_LANGUAGE_STANDARD = "gnu++20";
				CLANG_ENABLE_MODULES = YES;
				CLANG_ENABLE_OBJC_ARC = YES;
				CLANG_ENABLE_OBJC_WEAK = YES;
				CLANG_WARN_BLOCK_CAPTURE_AUTORELEASING = YES;
				CLANG_WARN_BOOL_CONVERSION = YES;
				CLANG_WARN_COMMA = YES;
				CLANG_WARN_CONSTANT_CONVERSION = YES;
				CLANG_WARN_DEPRECATED_OBJC_IMPLEMENTATIONS = YES;
				CLANG_WARN_DIRECT_OBJC_ISA_USAGE = YES_ERROR;
				CLANG_WARN_DOCUMENTATION_COMMENTS = YES;
				CLANG_WARN_EMPTY_BODY = YES;
				CLANG_WARN_ENUM_CONVERSION = YES;
				CLANG_WARN_INFINITE_RECURSION = YES;
				CLANG_WARN_INT_CONVERSION = YES;
				CLANG_WARN_NON_LITERAL_NULL_CONVERSION = YES;
				CLANG_WARN_OBJC_IMPLICIT_RETAIN_SELF = YES;
				CLANG_WARN_OBJC_LITERAL_CONVERSION = YES;
				CLANG_WARN_OBJC_ROOT_CLASS = YES_ERROR;
				CLANG_WARN_QUOTED_INCLUDE_IN_FRAMEWORK_HEADER = YES;
				CLANG_WARN_RANGE_LOOP_ANALYSIS = YES;
				CLANG_WARN_STRICT_PROTOTYPES = YES;
				CLANG_WARN_SUSPICIOUS_MOVE = YES;
				CLANG_WARN_UNGUARDED_AVAILABILITY = YES_AGGRESSIVE;
				CLANG_WARN_UNREACHABLE_CODE = YES;
				CLANG_WARN__DUPLICATE_METHOD_MATCH = YES;
				COPY_PHASE_STRIP = NO;
				DEBUG_INFORMATION_FORMAT = "dwarf-with-dsym";
				ENABLE_NS_ASSERTIONS = NO;
				ENABLE_STRICT_OBJC_MSGSEND = YES;
				GCC_C_LANGUAGE_STANDARD = gnu11;
				GCC_NO_COMMON_BLOCKS = YES;
				GCC_WARN_64_TO_32_BIT_CONVERSION = YES;
				GCC_WARN_ABOUT_RETURN_TYPE = YES_ERROR;
				GCC_WARN_UNDECLARED_SELECTOR = YES;
				GCC_WARN_UNINITIALIZED_AUTOS = YES_AGGRESSIVE;
				GCC_WARN_UNUSED_FUNCTION = YES;
				GCC_WARN_UNUSED_VARIABLE = YES;
				MACOSX_DEPLOYMENT_TARGET = 13.3;
				MTL_ENABLE_DEBUG_INFO = NO;
				MTL_FAST_MATH = YES;
				SDKROOT = macosx;
				SWIFT_COMPILATION_MODE = wholemodule;
				SWIFT_OPTIMIZATION_LEVEL = "-O";
			};
			name = Release;
		};
		B32A16AD2A4D782B0069A796 /* Debug */ = {
			isa = XCBuildConfiguration;
			buildSettings = {
				ASSETCATALOG_COMPILER_APPICON_NAME = AppIcon;
				ASSETCATALOG_COMPILER_GLOBAL_ACCENT_COLOR_NAME = AccentColor;
				CODE_SIGN_ENTITLEMENTS = attnprofiler/attnprofiler.entitlements;
				CODE_SIGN_STYLE = Automatic;
				COMBINE_HIDPI_IMAGES = YES;
				CURRENT_PROJECT_VERSION = 1;
				DEVELOPMENT_ASSET_PATHS = "\"attnprofiler/Preview Content\"";
				DEVELOPMENT_TEAM = 68874CX98V;
				ENABLE_HARDENED_RUNTIME = YES;
				ENABLE_PREVIEWS = YES;
				GENERATE_INFOPLIST_FILE = YES;
				INFOPLIST_KEY_NSHumanReadableCopyright = "";
				LD_RUNPATH_SEARCH_PATHS = (
					"$(inherited)",
					"@executable_path/../Frameworks",
				);
				MARKETING_VERSION = 1.0;
				PRODUCT_BUNDLE_IDENTIFIER = com.sztellar.attnprofiler;
				PRODUCT_NAME = "$(TARGET_NAME)";
				SWIFT_EMIT_LOC_STRINGS = YES;
				SWIFT_VERSION = 5.0;
			};
			name = Debug;
		};
		B32A16AE2A4D782B0069A796 /* Release */ = {
			isa = XCBuildConfiguration;
			buildSettings = {
				ASSETCATALOG_COMPILER_APPICON_NAME = AppIcon;
				ASSETCATALOG_COMPILER_GLOBAL_ACCENT_COLOR_NAME = AccentColor;
				CODE_SIGN_ENTITLEMENTS = attnprofiler/attnprofiler.entitlements;
				CODE_SIGN_STYLE = Automatic;
				COMBINE_HIDPI_IMAGES = YES;
				CURRENT_PROJECT_VERSION = 1;
				DEVELOPMENT_ASSET_PATHS = "\"attnprofiler/Preview Content\"";
				DEVELOPMENT_TEAM = 68874CX98V;
				ENABLE_HARDENED_RUNTIME = YES;
				ENABLE_PREVIEWS = YES;
				GENERATE_INFOPLIST_FILE = YES;
				INFOPLIST_KEY_NSHumanReadableCopyright = "";
				LD_RUNPATH_SEARCH_PATHS = (
					"$(inherited)",
					"@executable_path/../Frameworks",
				);
				MARKETING_VERSION = 1.0;
				PRODUCT_BUNDLE_IDENTIFIER = com.sztellar.attnprofiler;
				PRODUCT_NAME = "$(TARGET_NAME)";
				SWIFT_EMIT_LOC_STRINGS = YES;
				SWIFT_VERSION = 5.0;
			};
			name = Release;
		};
		B32A16B02A4D782B0069A796 /* Debug */ = {
			isa = XCBuildConfiguration;
			buildSettings = {
				ALWAYS_EMBED_SWIFT_STANDARD_LIBRARIES = YES;
				BUNDLE_LOADER = "$(TEST_HOST)";
				CODE_SIGN_STYLE = Automatic;
				CURRENT_PROJECT_VERSION = 1;
				DEVELOPMENT_TEAM = 68874CX98V;
				GENERATE_INFOPLIST_FILE = YES;
				MACOSX_DEPLOYMENT_TARGET = 13.3;
				MARKETING_VERSION = 1.0;
				PRODUCT_BUNDLE_IDENTIFIER = com.sztellar.attnprofilerTests;
				PRODUCT_NAME = "$(TARGET_NAME)";
				SWIFT_EMIT_LOC_STRINGS = NO;
				SWIFT_VERSION = 5.0;
				TEST_HOST = "$(BUILT_PRODUCTS_DIR)/attnprofiler.app/$(BUNDLE_EXECUTABLE_FOLDER_PATH)/attnprofiler";
			};
			name = Debug;
		};
		B32A16B12A4D782B0069A796 /* Release */ = {
			isa = XCBuildConfiguration;
			buildSettings = {
				ALWAYS_EMBED_SWIFT_STANDARD_LIBRARIES = YES;
				BUNDLE_LOADER = "$(TEST_HOST)";
				CODE_SIGN_STYLE = Automatic;
				CURRENT_PROJECT_VERSION = 1;
				DEVELOPMENT_TEAM = 68874CX98V;
				GENERATE_INFOPLIST_FILE = YES;
				MACOSX_DEPLOYMENT_TARGET = 13.3;
				MARKETING_VERSION = 1.0;
				PRODUCT_BUNDLE_IDENTIFIER = com.sztellar.attnprofilerTests;
				PRODUCT_NAME = "$(TARGET_NAME)";
				SWIFT_EMIT_LOC_STRINGS = NO;
				SWIFT_VERSION = 5.0;
				TEST_HOST = "$(BUILT_PRODUCTS_DIR)/attnprofiler.app/$(BUNDLE_EXECUTABLE_FOLDER_PATH)/attnprofiler";
			};
			name = Release;
		};
		B32A16B32A4D782B0069A796 /* Debug */ = {
			isa = XCBuildConfiguration;
			buildSettings = {
				ALWAYS_EMBED_SWIFT_STANDARD_LIBRARIES = YES;
				CODE_SIGN_STYLE = Automatic;
				CURRENT_PROJECT_VERSION = 1;
				DEVELOPMENT_TEAM = 68874CX98V;
				GENERATE_INFOPLIST_FILE = YES;
				MARKETING_VERSION = 1.0;
				PRODUCT_BUNDLE_IDENTIFIER = com.sztellar.attnprofilerUITests;
				PRODUCT_NAME = "$(TARGET_NAME)";
				SWIFT_EMIT_LOC_STRINGS = NO;
				SWIFT_VERSION = 5.0;
				TEST_TARGET_NAME = attnprofiler;
			};
			name = Debug;
		};
		B32A16B42A4D782B0069A796 /* Release */ = {
			isa = XCBuildConfiguration;
			buildSettings = {
				ALWAYS_EMBED_SWIFT_STANDARD_LIBRARIES = YES;
				CODE_SIGN_STYLE = Automatic;
				CURRENT_PROJECT_VERSION = 1;
				DEVELOPMENT_TEAM = 68874CX98V;
				GENERATE_INFOPLIST_FILE = YES;
				MARKETING_VERSION = 1.0;
				PRODUCT_BUNDLE_IDENTIFIER = com.sztellar.attnprofilerUITests;
				PRODUCT_NAME = "$(TARGET_NAME)";
				SWIFT_EMIT_LOC_STRINGS = NO;
				SWIFT_VERSION = 5.0;
				TEST_TARGET_NAME = attnprofiler;
			};
			name = Release;
		};
/* End XCBuildConfiguration section */

/* Begin XCConfigurationList section */
		B32A16822A4D78290069A796 /* Build configuration list for PBXProject "attnprofiler" */ = {
			isa = XCConfigurationList;
			buildConfigurations = (
				B32A16AA2A4D782B0069A796 /* Debug */,
				B32A16AB2A4D782B0069A796 /* Release */,
			);
			defaultConfigurationIsVisible = 0;
			defaultConfigurationName = Release;
		};
		B32A16AC2A4D782B0069A796 /* Build configuration list for PBXNativeTarget "attnprofiler" */ = {
			isa = XCConfigurationList;
			buildConfigurations = (
				B32A16AD2A4D782B0069A796 /* Debug */,
				B32A16AE2A4D782B0069A796 /* Release */,
			);
			defaultConfigurationIsVisible = 0;
			defaultConfigurationName = Release;
		};
		B32A16AF2A4D782B0069A796 /* Build configuration list for PBXNativeTarget "attnprofilerTests" */ = {
			isa = XCConfigurationList;
			buildConfigurations = (
				B32A16B02A4D782B0069A796 /* Debug */,
				B32A16B12A4D782B0069A796 /* Release */,
			);
			defaultConfigurationIsVisible = 0;
			defaultConfigurationName = Release;
		};
		B32A16B22A4D782B0069A796 /* Build configuration list for PBXNativeTarget "attnprofilerUITests" */ = {
			isa = XCConfigurationList;
			buildConfigurations = (
				B32A16B32A4D782B0069A796 /* Debug */,
				B32A16B42A4D782B0069A796 /* Release */,
			);
			defaultConfigurationIsVisible = 0;
			defaultConfigurationName = Release;
		};
/* End XCConfigurationList section */
	};
	rootObject = B32A167F2A4D78290069A796 /* Project object */;
}
